<?xml version="1.0" encoding="UTF-8" standalone="yes" ?>
<CodeBlocks_project_file>
	<FileVersion major="1" minor="6" />
	<Project>
		<Option title="reach" />
		<Option pch_mode="2" />
		<Option compiler="gcc" />
		<Build>
			<Target title="Debug">
				<Option output="bin/Debug/reach" prefix_auto="1" extension_auto="1" />
				<Option object_output="obj/Debug/" />
				<Option type="1" />
				<Option compiler="gcc" />
				<Compiler>
					<Add option="-g" />
				</Compiler>
			</Target>
			<Target title="Release">
				<Option output="bin/Release/reach" prefix_auto="1" extension_auto="1" />
				<Option object_output="obj/Release/" />
				<Option type="1" />
				<Option compiler="gcc" />
				<Compiler>
					<Add option="-O2" />
				</Compiler>
				<Linker>
					<Add option="-s" />
				</Linker>
			</Target>
		</Build>
		<Compiler>
			<Add option="-Wall" />
		</Compiler>
		<Unit filename="basicStructures.c">
			<Option compilerVar="CC" />
		</Unit>
		<Unit filename="basicStructures.h" />
		<Unit filename="collinearIntersection.c">
			<Option compilerVar="CC" />
		</Unit>
		<Unit filename="collinearIntersection.h" />
		<Unit filename="compare.c">
			<Option compilerVar="CC" />
		</Unit>
		<Unit filename="compare.h" />
		<Unit filename="cycle.c">
			<Option compilerVar="CC" />
		</Unit>
		<Unit filename="cycle.h" />
		<Unit filename="det.c">
			<Option compilerVar="CC" />
		</Unit>
		<Unit filename="det.h" />
		<Unit filename="distance.c">
			<Option compilerVar="CC" />
		</Unit>
		<Unit filename="distance.h" />
		<Unit filename="escape.c">
			<Option compilerVar="CC" />
		</Unit>
		<Unit filename="escape.h" />
		<Unit filename="family.c">
			<Option compilerVar="CC" />
		</Unit>
		<Unit filename="findRegionOrEdge.c">
			<Option compilerVar="CC" />
		</Unit>
		<Unit filename="findRegionOrEdge.h" />
		<Unit filename="findXorY.c">
			<Option compilerVar="CC" />
		</Unit>
		<Unit filename="findXorY.h" />
		<Unit filename="immediateReachability.c">
			<Option compilerVar="CC" />
		</Unit>
		<Unit filename="immediateReachability.h" />
		<Unit filename="intervalRange" />
		<Unit filename="intervalRange.c">
			<Option compilerVar="CC" />
		</Unit>
		<Unit filename="intervalRange.h" />
		<Unit filename="lineIntersection.c">
			<Option compilerVar="CC" />
		</Unit>
		<Unit filename="lineIntersection.h" />
		<Unit filename="main.c">
			<Option compilerVar="CC" />
		</Unit>
		<Unit filename="minmax.c">
			<Option compilerVar="CC" />
		</Unit>
		<Unit filename="minmax.h" />
		<Unit filename="reach.c">
			<Option compilerVar="CC" />
		</Unit>
		<Unit filename="reach.h" />
		<Unit filename="sort.c">
			<Option compilerVar="CC" />
		</Unit>
		<Unit filename="sort.h" />
		<Extensions>
			<code_completion />
			<debugger />
		</Extensions>
	</Project>
</CodeBlocks_project_file>
